
Microsoft Visual Studio Solution File, Format Version 12.00
# Visual Studio Version 17
VisualStudioVersion = 17.6.33829.357
MinimumVisualStudioVersion = 10.0.40219.1
Project("{9A19103F-16F7-4668-BE54-9A1E7A4F7556}") = "EndlessAmmoBags", "EndlessAmmoBags.csproj", "{0E296687-B976-436B-B659-9EB6AD0D4A51}"
EndProject
Global
	GlobalSection(SolutionConfigurationPlatforms) = preSolution
		Debug|Any CPU = Debug|Any CPU
		Release|Any CPU = Release|Any CPU
	EndGlobalSection
	GlobalSection(ProjectConfigurationPlatforms) = postSolution
		{0E296687-B976-436B-B659-9EB6AD0D4A51}.Debug|Any CPU.ActiveCfg = Debug|Any CPU
		{0E296687-B976-436B-B659-9EB6AD0D4A51}.Debug|Any CPU.Build.0 = Debug|Any CPU
		{0E296687-B976-436B-B659-9EB6AD0D4A51}.Release|Any CPU.ActiveCfg = Release|Any CPU
		{0E296687-B976-436B-B659-9EB6AD0D4A51}.Release|Any CPU.Build.0 = Release|Any CPU
	EndGlobalSection
	GlobalSection(SolutionProperties) = preSolution
		HideSolutionNode = FALSE
	EndGlobalSection
	GlobalSection(ExtensibilityGlobals) = postSolution
		SolutionGuid = {94C1FFE9-BE0F-46F9-8C6B-8A83BDC8C9C7}
	EndGlobalSection
EndGlobal
